// !$*UTF8*$!
{
	archiveVersion = 1;
	classes = {
	};
	objectVersion = 56;
	objects = {

/* Begin PBXBuildFile section */
		5A0B659D29B50BF800416B5C /* HabitTabView.swift in Sources */ = {isa = PBXBuildFile; fileRef = 5A0B659C29B50BF800416B5C /* HabitTabView.swift */; };
		5A0B659F29B50EDB00416B5C /* SettingsView.swift in Sources */ = {isa = PBXBuildFile; fileRef = 5A0B659E29B50EDB00416B5C /* SettingsView.swift */; };
		5A0B65A329B513CE00416B5C /* BackgroundGrad.swift in Sources */ = {isa = PBXBuildFile; fileRef = 5A0B65A229B513CE00416B5C /* BackgroundGrad.swift */; };
		5A0B65A529B65AE300416B5C /* HabitListView.swift in Sources */ = {isa = PBXBuildFile; fileRef = 5A0B65A429B65AE300416B5C /* HabitListView.swift */; };
		5A0B65A729B65BC400416B5C /* HabitModel.swift in Sources */ = {isa = PBXBuildFile; fileRef = 5A0B65A629B65BC400416B5C /* HabitModel.swift */; };
		5A0B65AD29B6610400416B5C /* Constants.swift in Sources */ = {isa = PBXBuildFile; fileRef = 5A0B65AC29B6610400416B5C /* Constants.swift */; };
		5A0B65AF29B6653D00416B5C /* AddHabit.swift in Sources */ = {isa = PBXBuildFile; fileRef = 5A0B65AE29B6653D00416B5C /* AddHabit.swift */; };
		5A0B65B129B6682000416B5C /* daysPerWeekButton.swift in Sources */ = {isa = PBXBuildFile; fileRef = 5A0B65B029B6682000416B5C /* daysPerWeekButton.swift */; };
		5A6C4F5D29B3B48F003C9318 /* ViewModel.swift in Sources */ = {isa = PBXBuildFile; fileRef = 5A6C4F5C29B3B48F003C9318 /* ViewModel.swift */; };
		5AD82B1429AD3808007317B6 /* HabitTrackerApp.swift in Sources */ = {isa = PBXBuildFile; fileRef = 5AD82B1329AD3808007317B6 /* HabitTrackerApp.swift */; };
		5AD82B1629AD3808007317B6 /* ContentView.swift in Sources */ = {isa = PBXBuildFile; fileRef = 5AD82B1529AD3808007317B6 /* ContentView.swift */; };
		5AD82B1829AD3809007317B6 /* Assets.xcassets in Resources */ = {isa = PBXBuildFile; fileRef = 5AD82B1729AD3809007317B6 /* Assets.xcassets */; };
		5AD82B1B29AD3809007317B6 /* Preview Assets.xcassets in Resources */ = {isa = PBXBuildFile; fileRef = 5AD82B1A29AD3809007317B6 /* Preview Assets.xcassets */; };
		5AD82B2229AD3866007317B6 /* ButtonView.swift in Sources */ = {isa = PBXBuildFile; fileRef = 5AD82B2129AD3866007317B6 /* ButtonView.swift */; };
/* End PBXBuildFile section */

/* Begin PBXFileReference section */
		5A0B659C29B50BF800416B5C /* HabitTabView.swift */ = {isa = PBXFileReference; lastKnownFileType = sourcecode.swift; path = HabitTabView.swift; sourceTree = "<group>"; };
		5A0B659E29B50EDB00416B5C /* SettingsView.swift */ = {isa = PBXFileReference; lastKnownFileType = sourcecode.swift; path = SettingsView.swift; sourceTree = "<group>"; };
		5A0B65A229B513CE00416B5C /* BackgroundGrad.swift */ = {isa = PBXFileReference; lastKnownFileType = sourcecode.swift; path = BackgroundGrad.swift; sourceTree = "<group>"; };
		5A0B65A429B65AE300416B5C /* HabitListView.swift */ = {isa = PBXFileReference; lastKnownFileType = sourcecode.swift; path = HabitListView.swift; sourceTree = "<group>"; };
		5A0B65A629B65BC400416B5C /* HabitModel.swift */ = {isa = PBXFileReference; lastKnownFileType = sourcecode.swift; path = HabitModel.swift; sourceTree = "<group>"; };
		5A0B65AC29B6610400416B5C /* Constants.swift */ = {isa = PBXFileReference; lastKnownFileType = sourcecode.swift; path = Constants.swift; sourceTree = "<group>"; };
		5A0B65AE29B6653D00416B5C /* AddHabit.swift */ = {isa = PBXFileReference; lastKnownFileType = sourcecode.swift; path = AddHabit.swift; sourceTree = "<group>"; };
		5A0B65B029B6682000416B5C /* daysPerWeekButton.swift */ = {isa = PBXFileReference; lastKnownFileType = sourcecode.swift; path = daysPerWeekButton.swift; sourceTree = "<group>"; };
		5A6C4F5C29B3B48F003C9318 /* ViewModel.swift */ = {isa = PBXFileReference; lastKnownFileType = sourcecode.swift; path = ViewModel.swift; sourceTree = "<group>"; };
		5AD82B1029AD3808007317B6 /* HabitTracker.app */ = {isa = PBXFileReference; explicitFileType = wrapper.application; includeInIndex = 0; path = HabitTracker.app; sourceTree = BUILT_PRODUCTS_DIR; };
		5AD82B1329AD3808007317B6 /* HabitTrackerApp.swift */ = {isa = PBXFileReference; lastKnownFileType = sourcecode.swift; path = HabitTrackerApp.swift; sourceTree = "<group>"; };
		5AD82B1529AD3808007317B6 /* ContentView.swift */ = {isa = PBXFileReference; lastKnownFileType = sourcecode.swift; path = ContentView.swift; sourceTree = "<group>"; };
		5AD82B1729AD3809007317B6 /* Assets.xcassets */ = {isa = PBXFileReference; lastKnownFileType = folder.assetcatalog; path = Assets.xcassets; sourceTree = "<group>"; };
		5AD82B1A29AD3809007317B6 /* Preview Assets.xcassets */ = {isa = PBXFileReference; lastKnownFileType = folder.assetcatalog; path = "Preview Assets.xcassets"; sourceTree = "<group>"; };
		5AD82B2129AD3866007317B6 /* ButtonView.swift */ = {isa = PBXFileReference; lastKnownFileType = sourcecode.swift; path = ButtonView.swift; sourceTree = "<group>"; };
/* End PBXFileReference section */

/* Begin PBXFrameworksBuildPhase section */
		5AD82B0D29AD3808007317B6 /* Frameworks */ = {
			isa = PBXFrameworksBuildPhase;
			buildActionMask = 2147483647;
			files = (
			);
			runOnlyForDeploymentPostprocessing = 0;
		};
/* End PBXFrameworksBuildPhase section */

/* Begin PBXGroup section */
		5A0B659B29B50BCB00416B5C /* Views */ = {
			isa = PBXGroup;
			children = (
				5A0B659C29B50BF800416B5C /* HabitTabView.swift */,
				5A0B65A429B65AE300416B5C /* HabitListView.swift */,
				5AD82B1529AD3808007317B6 /* ContentView.swift */,
				5A0B659E29B50EDB00416B5C /* SettingsView.swift */,
				5A0B65AE29B6653D00416B5C /* AddHabit.swift */,
				5A0B65AA29B65F6F00416B5C /* HelperViews */,
			);
			path = Views;
			sourceTree = "<group>";
		};
		5A0B65A829B65F2E00416B5C /* Models */ = {
			isa = PBXGroup;
			children = (
				5A0B65A629B65BC400416B5C /* HabitModel.swift */,
			);
			path = Models;
			sourceTree = "<group>";
		};
		5A0B65A929B65F3500416B5C /* ViewModels */ = {
			isa = PBXGroup;
			children = (
				5A6C4F5C29B3B48F003C9318 /* ViewModel.swift */,
			);
			path = ViewModels;
			sourceTree = "<group>";
		};
		5A0B65AA29B65F6F00416B5C /* HelperViews */ = {
			isa = PBXGroup;
			children = (
				5AD82B2129AD3866007317B6 /* ButtonView.swift */,
				5A0B65A229B513CE00416B5C /* BackgroundGrad.swift */,
				5A0B65B029B6682000416B5C /* daysPerWeekButton.swift */,
			);
			path = HelperViews;
			sourceTree = "<group>";
		};
		5A0B65AB29B660EC00416B5C /* Helpers */ = {
			isa = PBXGroup;
			children = (
				5A0B65AC29B6610400416B5C /* Constants.swift */,
			);
			path = Helpers;
			sourceTree = "<group>";
		};
		5AD82B0729AD3808007317B6 = {
			isa = PBXGroup;
			children = (
				5AD82B1229AD3808007317B6 /* HabitTracker */,
				5AD82B1129AD3808007317B6 /* Products */,
			);
			sourceTree = "<group>";
		};
		5AD82B1129AD3808007317B6 /* Products */ = {
			isa = PBXGroup;
			children = (
				5AD82B1029AD3808007317B6 /* HabitTracker.app */,
			);
			name = Products;
			sourceTree = "<group>";
		};
		5AD82B1229AD3808007317B6 /* HabitTracker */ = {
			isa = PBXGroup;
			children = (
				5AD82B1329AD3808007317B6 /* HabitTrackerApp.swift */,
				5A0B659B29B50BCB00416B5C /* Views */,
				5A0B65A929B65F3500416B5C /* ViewModels */,
				5A0B65A829B65F2E00416B5C /* Models */,
				5A0B65AB29B660EC00416B5C /* Helpers */,
				5AD82B1729AD3809007317B6 /* Assets.xcassets */,
				5AD82B1929AD3809007317B6 /* Preview Content */,
			);
			path = HabitTracker;
			sourceTree = "<group>";
		};
		5AD82B1929AD3809007317B6 /* Preview Content */ = {
			isa = PBXGroup;
			children = (
				5AD82B1A29AD3809007317B6 /* Preview Assets.xcassets */,
			);
			path = "Preview Content";
			sourceTree = "<group>";
		};
/* End PBXGroup section */

/* Begin PBXNativeTarget section */
		5AD82B0F29AD3808007317B6 /* HabitTracker */ = {
			isa = PBXNativeTarget;
			buildConfigurationList = 5AD82B1E29AD3809007317B6 /* Build configuration list for PBXNativeTarget "HabitTracker" */;
			buildPhases = (
				5AD82B0C29AD3808007317B6 /* Sources */,
				5AD82B0D29AD3808007317B6 /* Frameworks */,
				5AD82B0E29AD3808007317B6 /* Resources */,
			);
			buildRules = (
			);
			dependencies = (
			);
			name = HabitTracker;
			productName = HabitTracker;
			productReference = 5AD82B1029AD3808007317B6 /* HabitTracker.app */;
			productType = "com.apple.product-type.application";
		};
/* End PBXNativeTarget section */

/* Begin PBXProject section */
		5AD82B0829AD3808007317B6 /* Project object */ = {
			isa = PBXProject;
			attributes = {
				BuildIndependentTargetsInParallel = 1;
				LastSwiftUpdateCheck = 1420;
				LastUpgradeCheck = 1420;
				TargetAttributes = {
					5AD82B0F29AD3808007317B6 = {
						CreatedOnToolsVersion = 14.2;
					};
				};
			};
			buildConfigurationList = 5AD82B0B29AD3808007317B6 /* Build configuration list for PBXProject "HabitTracker" */;
			compatibilityVersion = "Xcode 14.0";
			developmentRegion = en;
			hasScannedForEncodings = 0;
			knownRegions = (
				en,
				Base,
			);
			mainGroup = 5AD82B0729AD3808007317B6;
			productRefGroup = 5AD82B1129AD3808007317B6 /* Products */;
			projectDirPath = "";
			projectRoot = "";
			targets = (
				5AD82B0F29AD3808007317B6 /* HabitTracker */,
			);
		};
/* End PBXProject section */

/* Begin PBXResourcesBuildPhase section */
		5AD82B0E29AD3808007317B6 /* Resources */ = {
			isa = PBXResourcesBuildPhase;
			buildActionMask = 2147483647;
			files = (
				5AD82B1B29AD3809007317B6 /* Preview Assets.xcassets in Resources */,
				5AD82B1829AD3809007317B6 /* Assets.xcassets in Resources */,
			);
			runOnlyForDeploymentPostprocessing = 0;
		};
/* End PBXResourcesBuildPhase section */

/* Begin PBXSourcesBuildPhase section */
		5AD82B0C29AD3808007317B6 /* Sources */ = {
			isa = PBXSourcesBuildPhase;
			buildActionMask = 2147483647;
			files = (
				5A0B65AF29B6653D00416B5C /* AddHabit.swift in Sources */,
				5A0B65A729B65BC400416B5C /* HabitModel.swift in Sources */,
				5A0B65A329B513CE00416B5C /* BackgroundGrad.swift in Sources */,
				5A0B659D29B50BF800416B5C /* HabitTabView.swift in Sources */,
				5AD82B1629AD3808007317B6 /* ContentView.swift in Sources */,
				5AD82B1429AD3808007317B6 /* HabitTrackerApp.swift in Sources */,
				5A0B65AD29B6610400416B5C /* Constants.swift in Sources */,
				5A0B659F29B50EDB00416B5C /* SettingsView.swift in Sources */,
				5A0B65A529B65AE300416B5C /* HabitListView.swift in Sources */,
				5A6C4F5D29B3B48F003C9318 /* ViewModel.swift in Sources */,
				5A0B65B129B6682000416B5C /* daysPerWeekButton.swift in Sources */,
				5AD82B2229AD3866007317B6 /* ButtonView.swift in Sources */,
			);
			runOnlyForDeploymentPostprocessing = 0;
		};
/* End PBXSourcesBuildPhase section */

/* Begin XCBuildConfiguration section */
		5AD82B1C29AD3809007317B6 /* Debug */ = {
			isa = XCBuildConfiguration;
			buildSettings = {
				ALWAYS_SEARCH_USER_PATHS = NO;
				CLANG_ANALYZER_NONNULL = YES;
				CLANG_ANALYZER_NUMBER_OBJECT_CONVERSION = YES_AGGRESSIVE;
				CLANG_CXX_LANGUAGE_STANDARD = "gnu++20";
				CLANG_ENABLE_MODULES = YES;
				CLANG_ENABLE_OBJC_ARC = YES;
				CLANG_ENABLE_OBJC_WEAK = YES;
				CLANG_WARN_BLOCK_CAPTURE_AUTORELEASING = YES;
				CLANG_WARN_BOOL_CONVERSION = YES;
				CLANG_WARN_COMMA = YES;
				CLANG_WARN_CONSTANT_CONVERSION = YES;
				CLANG_WARN_DEPRECATED_OBJC_IMPLEMENTATIONS = YES;
				CLANG_WARN_DIRECT_OBJC_ISA_USAGE = YES_ERROR;
				CLANG_WARN_DOCUMENTATION_COMMENTS = YES;
				CLANG_WARN_EMPTY_BODY = YES;
				CLANG_WARN_ENUM_CONVERSION = YES;
				CLANG_WARN_INFINITE_RECURSION = YES;
				CLANG_WARN_INT_CONVERSION = YES;
				CLANG_WARN_NON_LITERAL_NULL_CONVERSION = YES;
				CLANG_WARN_OBJC_IMPLICIT_RETAIN_SELF = YES;
				CLANG_WARN_OBJC_LITERAL_CONVERSION = YES;
				CLANG_WARN_OBJC_ROOT_CLASS = YES_ERROR;
				CLANG_WARN_QUOTED_INCLUDE_IN_FRAMEWORK_HEADER = YES;
				CLANG_WARN_RANGE_LOOP_ANALYSIS = YES;
				CLANG_WARN_STRICT_PROTOTYPES = YES;
				CLANG_WARN_SUSPICIOUS_MOVE = YES;
				CLANG_WARN_UNGUARDED_AVAILABILITY = YES_AGGRESSIVE;
				CLANG_WARN_UNREACHABLE_CODE = YES;
				CLANG_WARN__DUPLICATE_METHOD_MATCH = YES;
				COPY_PHASE_STRIP = NO;
				DEBUG_INFORMATION_FORMAT = dwarf;
				ENABLE_STRICT_OBJC_MSGSEND = YES;
				ENABLE_TESTABILITY = YES;
				GCC_C_LANGUAGE_STANDARD = gnu11;
				GCC_DYNAMIC_NO_PIC = NO;
				GCC_NO_COMMON_BLOCKS = YES;
				GCC_OPTIMIZATION_LEVEL = 0;
				GCC_PREPROCESSOR_DEFINITIONS = (
					"DEBUG=1",
					"$(inherited)",
				);
				GCC_WARN_64_TO_32_BIT_CONVERSION = YES;
				GCC_WARN_ABOUT_RETURN_TYPE = YES_ERROR;
				GCC_WARN_UNDECLARED_SELECTOR = YES;
				GCC_WARN_UNINITIALIZED_AUTOS = YES_AGGRESSIVE;
				GCC_WARN_UNUSED_FUNCTION = YES;
				GCC_WARN_UNUSED_VARIABLE = YES;
				IPHONEOS_DEPLOYMENT_TARGET = 16.2;
				MTL_ENABLE_DEBUG_INFO = INCLUDE_SOURCE;
				MTL_FAST_MATH = YES;
				ONLY_ACTIVE_ARCH = YES;
				SDKROOT = iphoneos;
				SWIFT_ACTIVE_COMPILATION_CONDITIONS = DEBUG;
				SWIFT_OPTIMIZATION_LEVEL = "-Onone";
			};
			name = Debug;
		};
		5AD82B1D29AD3809007317B6 /* Release */ = {
			isa = XCBuildConfiguration;
			buildSettings = {
				ALWAYS_SEARCH_USER_PATHS = NO;
				CLANG_ANALYZER_NONNULL = YES;
				CLANG_ANALYZER_NUMBER_OBJECT_CONVERSION = YES_AGGRESSIVE;
				CLANG_CXX_LANGUAGE_STANDARD = "gnu++20";
				CLANG_ENABLE_MODULES = YES;
				CLANG_ENABLE_OBJC_ARC = YES;
				CLANG_ENABLE_OBJC_WEAK = YES;
				CLANG_WARN_BLOCK_CAPTURE_AUTORELEASING = YES;
				CLANG_WARN_BOOL_CONVERSION = YES;
				CLANG_WARN_COMMA = YES;
				CLANG_WARN_CONSTANT_CONVERSION = YES;
				CLANG_WARN_DEPRECATED_OBJC_IMPLEMENTATIONS = YES;
				CLANG_WARN_DIRECT_OBJC_ISA_USAGE = YES_ERROR;
				CLANG_WARN_DOCUMENTATION_COMMENTS = YES;
				CLANG_WARN_EMPTY_BODY = YES;
				CLANG_WARN_ENUM_CONVERSION = YES;
				CLANG_WARN_INFINITE_RECURSION = YES;
				CLANG_WARN_INT_CONVERSION = YES;
				CLANG_WARN_NON_LITERAL_NULL_CONVERSION = YES;
				CLANG_WARN_OBJC_IMPLICIT_RETAIN_SELF = YES;
				CLANG_WARN_OBJC_LITERAL_CONVERSION = YES;
				CLANG_WARN_OBJC_ROOT_CLASS = YES_ERROR;
				CLANG_WARN_QUOTED_INCLUDE_IN_FRAMEWORK_HEADER = YES;
				CLANG_WARN_RANGE_LOOP_ANALYSIS = YES;
				CLANG_WARN_STRICT_PROTOTYPES = YES;
				CLANG_WARN_SUSPICIOUS_MOVE = YES;
				CLANG_WARN_UNGUARDED_AVAILABILITY = YES_AGGRESSIVE;
				CLANG_WARN_UNREACHABLE_CODE = YES;
				CLANG_WARN__DUPLICATE_METHOD_MATCH = YES;
				COPY_PHASE_STRIP = NO;
				DEBUG_INFORMATION_FORMAT = "dwarf-with-dsym";
				ENABLE_NS_ASSERTIONS = NO;
				ENABLE_STRICT_OBJC_MSGSEND = YES;
				GCC_C_LANGUAGE_STANDARD = gnu11;
				GCC_NO_COMMON_BLOCKS = YES;
				GCC_WARN_64_TO_32_BIT_CONVERSION = YES;
				GCC_WARN_ABOUT_RETURN_TYPE = YES_ERROR;
				GCC_WARN_UNDECLARED_SELECTOR = YES;
				GCC_WARN_UNINITIALIZED_AUTOS = YES_AGGRESSIVE;
				GCC_WARN_UNUSED_FUNCTION = YES;
				GCC_WARN_UNUSED_VARIABLE = YES;
				IPHONEOS_DEPLOYMENT_TARGET = 16.2;
				MTL_ENABLE_DEBUG_INFO = NO;
				MTL_FAST_MATH = YES;
				SDKROOT = iphoneos;
				SWIFT_COMPILATION_MODE = wholemodule;
				SWIFT_OPTIMIZATION_LEVEL = "-O";
				VALIDATE_PRODUCT = YES;
			};
			name = Release;
		};
		5AD82B1F29AD3809007317B6 /* Debug */ = {
			isa = XCBuildConfiguration;
			buildSettings = {
				ASSETCATALOG_COMPILER_APPICON_NAME = AppIcon;
				ASSETCATALOG_COMPILER_GLOBAL_ACCENT_COLOR_NAME = AccentColor;
				CODE_SIGN_STYLE = Automatic;
				CURRENT_PROJECT_VERSION = 1;
				DEVELOPMENT_ASSET_PATHS = "\"HabitTracker/Preview Content\"";
				DEVELOPMENT_TEAM = G2S5NXG875;
				ENABLE_PREVIEWS = YES;
				GENERATE_INFOPLIST_FILE = YES;
				INFOPLIST_KEY_UIApplicationSceneManifest_Generation = YES;
				INFOPLIST_KEY_UIApplicationSupportsIndirectInputEvents = YES;
				INFOPLIST_KEY_UILaunchScreen_Generation = YES;
				INFOPLIST_KEY_UISupportedInterfaceOrientations_iPad = "UIInterfaceOrientationPortrait UIInterfaceOrientationPortraitUpsideDown UIInterfaceOrientationLandscapeLeft UIInterfaceOrientationLandscapeRight";
				INFOPLIST_KEY_UISupportedInterfaceOrientations_iPhone = "UIInterfaceOrientationPortrait UIInterfaceOrientationLandscapeLeft UIInterfaceOrientationLandscapeRight";
				LD_RUNPATH_SEARCH_PATHS = (
					"$(inherited)",
					"@executable_path/Frameworks",
				);
				MARKETING_VERSION = 1.0;
				PRODUCT_BUNDLE_IDENTIFIER = test.HabitTracker;
				PRODUCT_NAME = "$(TARGET_NAME)";
				SWIFT_EMIT_LOC_STRINGS = YES;
				SWIFT_VERSION = 5.0;
				TARGETED_DEVICE_FAMILY = "1,2";
			};
			name = Debug;
		};
		5AD82B2029AD3809007317B6 /* Release */ = {
			isa = XCBuildConfiguration;
			buildSettings = {
				ASSETCATALOG_COMPILER_APPICON_NAME = AppIcon;
				ASSETCATALOG_COMPILER_GLOBAL_ACCENT_COLOR_NAME = AccentColor;
				CODE_SIGN_STYLE = Automatic;
				CURRENT_PROJECT_VERSION = 1;
				DEVELOPMENT_ASSET_PATHS = "\"HabitTracker/Preview Content\"";
				DEVELOPMENT_TEAM = G2S5NXG875;
				ENABLE_PREVIEWS = YES;
				GENERATE_INFOPLIST_FILE = YES;
				INFOPLIST_KEY_UIApplicationSceneManifest_Generation = YES;
				INFOPLIST_KEY_UIApplicationSupportsIndirectInputEvents = YES;
				INFOPLIST_KEY_UILaunchScreen_Generation = YES;
				INFOPLIST_KEY_UISupportedInterfaceOrientations_iPad = "UIInterfaceOrientationPortrait UIInterfaceOrientationPortraitUpsideDown UIInterfaceOrientationLandscapeLeft UIInterfaceOrientationLandscapeRight";
				INFOPLIST_KEY_UISupportedInterfaceOrientations_iPhone = "UIInterfaceOrientationPortrait UIInterfaceOrientationLandscapeLeft UIInterfaceOrientationLandscapeRight";
				LD_RUNPATH_SEARCH_PATHS = (
					"$(inherited)",
					"@executable_path/Frameworks",
				);
				MARKETING_VERSION = 1.0;
				PRODUCT_BUNDLE_IDENTIFIER = test.HabitTracker;
				PRODUCT_NAME = "$(TARGET_NAME)";
				SWIFT_EMIT_LOC_STRINGS = YES;
				SWIFT_VERSION = 5.0;
				TARGETED_DEVICE_FAMILY = "1,2";
			};
			name = Release;
		};
/* End XCBuildConfiguration section */

/* Begin XCConfigurationList section */
		5AD82B0B29AD3808007317B6 /* Build configuration list for PBXProject "HabitTracker" */ = {
			isa = XCConfigurationList;
			buildConfigurations = (
				5AD82B1C29AD3809007317B6 /* Debug */,
				5AD82B1D29AD3809007317B6 /* Release */,
			);
			defaultConfigurationIsVisible = 0;
			defaultConfigurationName = Release;
		};
		5AD82B1E29AD3809007317B6 /* Build configuration list for PBXNativeTarget "HabitTracker" */ = {
			isa = XCConfigurationList;
			buildConfigurations = (
				5AD82B1F29AD3809007317B6 /* Debug */,
				5AD82B2029AD3809007317B6 /* Release */,
			);
			defaultConfigurationIsVisible = 0;
			defaultConfigurationName = Release;
		};
/* End XCConfigurationList section */
	};
	rootObject = 5AD82B0829AD3808007317B6 /* Project object */;
}
